// !$*UTF8*$!
{
	archiveVersion = 1;
	classes = {
	};
	objectVersion = 77;
	objects = {

/* Begin PBXBuildFile section */
		3022D66D145F61A8D0D4A85A /* Pods_ios_appTests.framework in Frameworks */ = {isa = PBXBuildFile; fileRef = 9BD42EBA67803DF9741EB5AD /* Pods_ios_appTests.framework */; };
		37E5766DDEB2A2DC71145A8E /* Pods_ios_app_ios_appUITests.framework in Frameworks */ = {isa = PBXBuildFile; fileRef = B64155D817D2DF979DB64080 /* Pods_ios_app_ios_appUITests.framework */; };
		8DD954FCA57D1123B43BE8C0 /* Pods_ios_app.framework in Frameworks */ = {isa = PBXBuildFile; fileRef = 91DB958055AACA6E972C502F /* Pods_ios_app.framework */; };
/* End PBXBuildFile section */

/* Begin PBXContainerItemProxy section */
		7D84B9EC2ECF9736005C29AF /* PBXContainerItemProxy */ = {
			isa = PBXContainerItemProxy;
			containerPortal = 7D84B9CD2ECF9733005C29AF /* Project object */;
			proxyType = 1;
			remoteGlobalIDString = 7D84B9D42ECF9733005C29AF;
			remoteInfo = "ios-app";
		};
		7D84B9F62ECF9736005C29AF /* PBXContainerItemProxy */ = {
			isa = PBXContainerItemProxy;
			containerPortal = 7D84B9CD2ECF9733005C29AF /* Project object */;
			proxyType = 1;
			remoteGlobalIDString = 7D84B9D42ECF9733005C29AF;
			remoteInfo = "ios-app";
		};
/* End PBXContainerItemProxy section */

/* Begin PBXFileReference section */
		61752F4BA68DF1351AF90969 /* Pods-ios-app-ios-appUITests.release.xcconfig */ = {isa = PBXFileReference; includeInIndex = 1; lastKnownFileType = text.xcconfig; name = "Pods-ios-app-ios-appUITests.release.xcconfig"; path = "Target Support Files/Pods-ios-app-ios-appUITests/Pods-ios-app-ios-appUITests.release.xcconfig"; sourceTree = "<group>"; };
		6E68669303996F7794635749 /* Pods-ios-appTests.release.xcconfig */ = {isa = PBXFileReference; includeInIndex = 1; lastKnownFileType = text.xcconfig; name = "Pods-ios-appTests.release.xcconfig"; path = "Target Support Files/Pods-ios-appTests/Pods-ios-appTests.release.xcconfig"; sourceTree = "<group>"; };
		7D84B9D52ECF9733005C29AF /* ios-app.app */ = {isa = PBXFileReference; explicitFileType = wrapper.application; includeInIndex = 0; path = "ios-app.app"; sourceTree = BUILT_PRODUCTS_DIR; };
		7D84B9EB2ECF9736005C29AF /* ios-appTests.xctest */ = {isa = PBXFileReference; explicitFileType = wrapper.cfbundle; includeInIndex = 0; path = "ios-appTests.xctest"; sourceTree = BUILT_PRODUCTS_DIR; };
		7D84B9F52ECF9736005C29AF /* ios-appUITests.xctest */ = {isa = PBXFileReference; explicitFileType = wrapper.cfbundle; includeInIndex = 0; path = "ios-appUITests.xctest"; sourceTree = BUILT_PRODUCTS_DIR; };
		91DB958055AACA6E972C502F /* Pods_ios_app.framework */ = {isa = PBXFileReference; explicitFileType = wrapper.framework; includeInIndex = 0; path = Pods_ios_app.framework; sourceTree = BUILT_PRODUCTS_DIR; };
		9BD42EBA67803DF9741EB5AD /* Pods_ios_appTests.framework */ = {isa = PBXFileReference; explicitFileType = wrapper.framework; includeInIndex = 0; path = Pods_ios_appTests.framework; sourceTree = BUILT_PRODUCTS_DIR; };
		A199F5CF1D47B5DCA270B65B /* Pods-ios-app.release.xcconfig */ = {isa = PBXFileReference; includeInIndex = 1; lastKnownFileType = text.xcconfig; name = "Pods-ios-app.release.xcconfig"; path = "Target Support Files/Pods-ios-app/Pods-ios-app.release.xcconfig"; sourceTree = "<group>"; };
		B64155D817D2DF979DB64080 /* Pods_ios_app_ios_appUITests.framework */ = {isa = PBXFileReference; explicitFileType = wrapper.framework; includeInIndex = 0; path = Pods_ios_app_ios_appUITests.framework; sourceTree = BUILT_PRODUCTS_DIR; };
		F58B212BC3837CDA707A027C /* Pods-ios-appTests.debug.xcconfig */ = {isa = PBXFileReference; includeInIndex = 1; lastKnownFileType = text.xcconfig; name = "Pods-ios-appTests.debug.xcconfig"; path = "Target Support Files/Pods-ios-appTests/Pods-ios-appTests.debug.xcconfig"; sourceTree = "<group>"; };
		F6BD72F6082339074169118C /* Pods-ios-app.debug.xcconfig */ = {isa = PBXFileReference; includeInIndex = 1; lastKnownFileType = text.xcconfig; name = "Pods-ios-app.debug.xcconfig"; path = "Target Support Files/Pods-ios-app/Pods-ios-app.debug.xcconfig"; sourceTree = "<group>"; };
		FC9FDD5FC1460F498C582743 /* Pods-ios-app-ios-appUITests.debug.xcconfig */ = {isa = PBXFileReference; includeInIndex = 1; lastKnownFileType = text.xcconfig; name = "Pods-ios-app-ios-appUITests.debug.xcconfig"; path = "Target Support Files/Pods-ios-app-ios-appUITests/Pods-ios-app-ios-appUITests.debug.xcconfig"; sourceTree = "<group>"; };
/* End PBXFileReference section */

/* Begin PBXFileSystemSynchronizedBuildFileExceptionSet section */
		7D84B9FD2ECF9736005C29AF /* Exceptions for "ios-app" folder in "ios-app" target */ = {
			isa = PBXFileSystemSynchronizedBuildFileExceptionSet;
			membershipExceptions = (
				Info.plist,
			);
			target = 7D84B9D42ECF9733005C29AF /* ios-app */;
		};
/* End PBXFileSystemSynchronizedBuildFileExceptionSet section */

/* Begin PBXFileSystemSynchronizedRootGroup section */
		7D84B9D72ECF9733005C29AF /* ios-app */ = {
			isa = PBXFileSystemSynchronizedRootGroup;
			exceptions = (
				7D84B9FD2ECF9736005C29AF /* Exceptions for "ios-app" folder in "ios-app" target */,
			);
			path = "ios-app";
			sourceTree = "<group>";
		};
		7D84B9EE2ECF9736005C29AF /* ios-appTests */ = {
			isa = PBXFileSystemSynchronizedRootGroup;
			exceptions = (
			);
			path = "ios-appTests";
			sourceTree = "<group>";
		};
		7D84B9F82ECF9736005C29AF /* ios-appUITests */ = {
			isa = PBXFileSystemSynchronizedRootGroup;
			exceptions = (
			);
			path = "ios-appUITests";
			sourceTree = "<group>";
		};
/* End PBXFileSystemSynchronizedRootGroup section */

/* Begin PBXFrameworksBuildPhase section */
		7D84B9D22ECF9733005C29AF /* Frameworks */ = {
			isa = PBXFrameworksBuildPhase;
			buildActionMask = 2147483647;
			files = (
				8DD954FCA57D1123B43BE8C0 /* Pods_ios_app.framework in Frameworks */,
			);
			runOnlyForDeploymentPostprocessing = 0;
		};
		7D84B9E82ECF9736005C29AF /* Frameworks */ = {
			isa = PBXFrameworksBuildPhase;
			buildActionMask = 2147483647;
			files = (
				3022D66D145F61A8D0D4A85A /* Pods_ios_appTests.framework in Frameworks */,
			);
			runOnlyForDeploymentPostprocessing = 0;
		};
		7D84B9F22ECF9736005C29AF /* Frameworks */ = {
			isa = PBXFrameworksBuildPhase;
			buildActionMask = 2147483647;
			files = (
				37E5766DDEB2A2DC71145A8E /* Pods_ios_app_ios_appUITests.framework in Frameworks */,
			);
			runOnlyForDeploymentPostprocessing = 0;
		};
/* End PBXFrameworksBuildPhase section */

/* Begin PBXGroup section */
		7D84B9CC2ECF9733005C29AF = {
			isa = PBXGroup;
			children = (
				7D84B9D72ECF9733005C29AF /* ios-app */,
				7D84B9EE2ECF9736005C29AF /* ios-appTests */,
				7D84B9F82ECF9736005C29AF /* ios-appUITests */,
				7D84B9D62ECF9733005C29AF /* Products */,
				B13608E74844746F5E40FAB7 /* Pods */,
				7DA4E427A9D66A966883C29E /* Frameworks */,
			);
			sourceTree = "<group>";
		};
		7D84B9D62ECF9733005C29AF /* Products */ = {
			isa = PBXGroup;
			children = (
				7D84B9D52ECF9733005C29AF /* ios-app.app */,
				7D84B9EB2ECF9736005C29AF /* ios-appTests.xctest */,
				7D84B9F52ECF9736005C29AF /* ios-appUITests.xctest */,
			);
			name = Products;
			sourceTree = "<group>";
		};
		7DA4E427A9D66A966883C29E /* Frameworks */ = {
			isa = PBXGroup;
			children = (
				91DB958055AACA6E972C502F /* Pods_ios_app.framework */,
				B64155D817D2DF979DB64080 /* Pods_ios_app_ios_appUITests.framework */,
				9BD42EBA67803DF9741EB5AD /* Pods_ios_appTests.framework */,
			);
			name = Frameworks;
			sourceTree = "<group>";
		};
		B13608E74844746F5E40FAB7 /* Pods */ = {
			isa = PBXGroup;
			children = (
				F6BD72F6082339074169118C /* Pods-ios-app.debug.xcconfig */,
				A199F5CF1D47B5DCA270B65B /* Pods-ios-app.release.xcconfig */,
				FC9FDD5FC1460F498C582743 /* Pods-ios-app-ios-appUITests.debug.xcconfig */,
				61752F4BA68DF1351AF90969 /* Pods-ios-app-ios-appUITests.release.xcconfig */,
				F58B212BC3837CDA707A027C /* Pods-ios-appTests.debug.xcconfig */,
				6E68669303996F7794635749 /* Pods-ios-appTests.release.xcconfig */,
			);
			name = Pods;
			path = Pods;
			sourceTree = "<group>";
		};
/* End PBXGroup section */

/* Begin PBXNativeTarget section */
		7D84B9D42ECF9733005C29AF /* ios-app */ = {
			isa = PBXNativeTarget;
			buildConfigurationList = 7D84B9FE2ECF9736005C29AF /* Build configuration list for PBXNativeTarget "ios-app" */;
			buildPhases = (
				8C92FCF1074075613B95A656 /* [CP] Check Pods Manifest.lock */,
				7D84B9D12ECF9733005C29AF /* Sources */,
				7D84B9D22ECF9733005C29AF /* Frameworks */,
				7D84B9D32ECF9733005C29AF /* Resources */,
				2DDE27A6B3687B293DAACFBB /* [CP] Embed Pods Frameworks */,
			);
			buildRules = (
			);
			dependencies = (
			);
			fileSystemSynchronizedGroups = (
				7D84B9D72ECF9733005C29AF /* ios-app */,
			);
			name = "ios-app";
			productName = "ios-app";
			productReference = 7D84B9D52ECF9733005C29AF /* ios-app.app */;
			productType = "com.apple.product-type.application";
		};
		7D84B9EA2ECF9736005C29AF /* ios-appTests */ = {
			isa = PBXNativeTarget;
			buildConfigurationList = 7D84BA032ECF9736005C29AF /* Build configuration list for PBXNativeTarget "ios-appTests" */;
			buildPhases = (
				FABB027010076B6CEE41FFCC /* [CP] Check Pods Manifest.lock */,
				7D84B9E72ECF9736005C29AF /* Sources */,
				7D84B9E82ECF9736005C29AF /* Frameworks */,
				7D84B9E92ECF9736005C29AF /* Resources */,
			);
			buildRules = (
			);
			dependencies = (
				7D84B9ED2ECF9736005C29AF /* PBXTargetDependency */,
			);
			fileSystemSynchronizedGroups = (
				7D84B9EE2ECF9736005C29AF /* ios-appTests */,
			);
			name = "ios-appTests";
			productName = "ios-appTests";
			productReference = 7D84B9EB2ECF9736005C29AF /* ios-appTests.xctest */;
			productType = "com.apple.product-type.bundle.unit-test";
		};
		7D84B9F42ECF9736005C29AF /* ios-appUITests */ = {
			isa = PBXNativeTarget;
			buildConfigurationList = 7D84BA062ECF9736005C29AF /* Build configuration list for PBXNativeTarget "ios-appUITests" */;
			buildPhases = (
				33D10C9349452021651B4E67 /* [CP] Check Pods Manifest.lock */,
				7D84B9F12ECF9736005C29AF /* Sources */,
				7D84B9F22ECF9736005C29AF /* Frameworks */,
				7D84B9F32ECF9736005C29AF /* Resources */,
				F19A32D98A8B6AECC8E13C97 /* [CP] Embed Pods Frameworks */,
			);
			buildRules = (
			);
			dependencies = (
				7D84B9F72ECF9736005C29AF /* PBXTargetDependency */,
			);
			fileSystemSynchronizedGroups = (
				7D84B9F82ECF9736005C29AF /* ios-appUITests */,
			);
			name = "ios-appUITests";
			productName = "ios-appUITests";
			productReference = 7D84B9F52ECF9736005C29AF /* ios-appUITests.xctest */;
			productType = "com.apple.product-type.bundle.ui-testing";
		};
/* End PBXNativeTarget section */

/* Begin PBXProject section */
		7D84B9CD2ECF9733005C29AF /* Project object */ = {
			isa = PBXProject;
			attributes = {
				BuildIndependentTargetsInParallel = 1;
				LastSwiftUpdateCheck = 2600;
				LastUpgradeCheck = 2600;
				TargetAttributes = {
					7D84B9D42ECF9733005C29AF = {
						CreatedOnToolsVersion = 26.0.1;
					};
					7D84B9EA2ECF9736005C29AF = {
						CreatedOnToolsVersion = 26.0.1;
						TestTargetID = 7D84B9D42ECF9733005C29AF;
					};
					7D84B9F42ECF9736005C29AF = {
						CreatedOnToolsVersion = 26.0.1;
						TestTargetID = 7D84B9D42ECF9733005C29AF;
					};
				};
			};
			buildConfigurationList = 7D84B9D02ECF9733005C29AF /* Build configuration list for PBXProject "ios-app" */;
			developmentRegion = en;
			hasScannedForEncodings = 0;
			knownRegions = (
				en,
				Base,
			);
			mainGroup = 7D84B9CC2ECF9733005C29AF;
			minimizedProjectReferenceProxies = 1;
			preferredProjectObjectVersion = 77;
			productRefGroup = 7D84B9D62ECF9733005C29AF /* Products */;
			projectDirPath = "";
			projectRoot = "";
			targets = (
				7D84B9D42ECF9733005C29AF /* ios-app */,
				7D84B9EA2ECF9736005C29AF /* ios-appTests */,
				7D84B9F42ECF9736005C29AF /* ios-appUITests */,
			);
		};
/* End PBXProject section */

/* Begin PBXResourcesBuildPhase section */
		7D84B9D32ECF9733005C29AF /* Resources */ = {
			isa = PBXResourcesBuildPhase;
			buildActionMask = 2147483647;
			files = (
			);
			runOnlyForDeploymentPostprocessing = 0;
		};
		7D84B9E92ECF9736005C29AF /* Resources */ = {
			isa = PBXResourcesBuildPhase;
			buildActionMask = 2147483647;
			files = (
			);
			runOnlyForDeploymentPostprocessing = 0;
		};
		7D84B9F32ECF9736005C29AF /* Resources */ = {
			isa = PBXResourcesBuildPhase;
			buildActionMask = 2147483647;
			files = (
			);
			runOnlyForDeploymentPostprocessing = 0;
		};
/* End PBXResourcesBuildPhase section */

/* Begin PBXShellScriptBuildPhase section */
		2DDE27A6B3687B293DAACFBB /* [CP] Embed Pods Frameworks */ = {
			isa = PBXShellScriptBuildPhase;
			buildActionMask = 2147483647;
			files = (
			);
			inputFileListPaths = (
				"${PODS_ROOT}/Target Support Files/Pods-ios-app/Pods-ios-app-frameworks-${CONFIGURATION}-input-files.xcfilelist",
			);
			name = "[CP] Embed Pods Frameworks";
			outputFileListPaths = (
				"${PODS_ROOT}/Target Support Files/Pods-ios-app/Pods-ios-app-frameworks-${CONFIGURATION}-output-files.xcfilelist",
			);
			runOnlyForDeploymentPostprocessing = 0;
			shellPath = /bin/sh;
			shellScript = "\"${PODS_ROOT}/Target Support Files/Pods-ios-app/Pods-ios-app-frameworks.sh\"\n";
			showEnvVarsInLog = 0;
		};
		33D10C9349452021651B4E67 /* [CP] Check Pods Manifest.lock */ = {
			isa = PBXShellScriptBuildPhase;
			buildActionMask = 2147483647;
			files = (
			);
			inputFileListPaths = (
			);
			inputPaths = (
				"${PODS_PODFILE_DIR_PATH}/Podfile.lock",
				"${PODS_ROOT}/Manifest.lock",
			);
			name = "[CP] Check Pods Manifest.lock";
			outputFileListPaths = (
			);
			outputPaths = (
				"$(DERIVED_FILE_DIR)/Pods-ios-app-ios-appUITests-checkManifestLockResult.txt",
			);
			runOnlyForDeploymentPostprocessing = 0;
			shellPath = /bin/sh;
			shellScript = "diff \"${PODS_PODFILE_DIR_PATH}/Podfile.lock\" \"${PODS_ROOT}/Manifest.lock\" > /dev/null\nif [ $? != 0 ] ; then\n    # print error to STDERR\n    echo \"error: The sandbox is not in sync with the Podfile.lock. Run 'pod install' or update your CocoaPods installation.\" >&2\n    exit 1\nfi\n# This output is used by Xcode 'outputs' to avoid re-running this script phase.\necho \"SUCCESS\" > \"${SCRIPT_OUTPUT_FILE_0}\"\n";
			showEnvVarsInLog = 0;
		};
		8C92FCF1074075613B95A656 /* [CP] Check Pods Manifest.lock */ = {
			isa = PBXShellScriptBuildPhase;
			buildActionMask = 2147483647;
			files = (
			);
			inputFileListPaths = (
			);
			inputPaths = (
				"${PODS_PODFILE_DIR_PATH}/Podfile.lock",
				"${PODS_ROOT}/Manifest.lock",
			);
			name = "[CP] Check Pods Manifest.lock";
			outputFileListPaths = (
			);
			outputPaths = (
				"$(DERIVED_FILE_DIR)/Pods-ios-app-checkManifestLockResult.txt",
			);
			runOnlyForDeploymentPostprocessing = 0;
			shellPath = /bin/sh;
			shellScript = "diff \"${PODS_PODFILE_DIR_PATH}/Podfile.lock\" \"${PODS_ROOT}/Manifest.lock\" > /dev/null\nif [ $? != 0 ] ; then\n    # print error to STDERR\n    echo \"error: The sandbox is not in sync with the Podfile.lock. Run 'pod install' or update your CocoaPods installation.\" >&2\n    exit 1\nfi\n# This output is used by Xcode 'outputs' to avoid re-running this script phase.\necho \"SUCCESS\" > \"${SCRIPT_OUTPUT_FILE_0}\"\n";
			showEnvVarsInLog = 0;
		};
		F19A32D98A8B6AECC8E13C97 /* [CP] Embed Pods Frameworks */ = {
			isa = PBXShellScriptBuildPhase;
			buildActionMask = 2147483647;
			files = (
			);
			inputFileListPaths = (
				"${PODS_ROOT}/Target Support Files/Pods-ios-app-ios-appUITests/Pods-ios-app-ios-appUITests-frameworks-${CONFIGURATION}-input-files.xcfilelist",
			);
			name = "[CP] Embed Pods Frameworks";
			outputFileListPaths = (
				"${PODS_ROOT}/Target Support Files/Pods-ios-app-ios-appUITests/Pods-ios-app-ios-appUITests-frameworks-${CONFIGURATION}-output-files.xcfilelist",
			);
			runOnlyForDeploymentPostprocessing = 0;
			shellPath = /bin/sh;
			shellScript = "\"${PODS_ROOT}/Target Support Files/Pods-ios-app-ios-appUITests/Pods-ios-app-ios-appUITests-frameworks.sh\"\n";
			showEnvVarsInLog = 0;
		};
		FABB027010076B6CEE41FFCC /* [CP] Check Pods Manifest.lock */ = {
			isa = PBXShellScriptBuildPhase;
			buildActionMask = 2147483647;
			files = (
			);
			inputFileListPaths = (
			);
			inputPaths = (
				"${PODS_PODFILE_DIR_PATH}/Podfile.lock",
				"${PODS_ROOT}/Manifest.lock",
			);
			name = "[CP] Check Pods Manifest.lock";
			outputFileListPaths = (
			);
			outputPaths = (
				"$(DERIVED_FILE_DIR)/Pods-ios-appTests-checkManifestLockResult.txt",
			);
			runOnlyForDeploymentPostprocessing = 0;
			shellPath = /bin/sh;
			shellScript = "diff \"${PODS_PODFILE_DIR_PATH}/Podfile.lock\" \"${PODS_ROOT}/Manifest.lock\" > /dev/null\nif [ $? != 0 ] ; then\n    # print error to STDERR\n    echo \"error: The sandbox is not in sync with the Podfile.lock. Run 'pod install' or update your CocoaPods installation.\" >&2\n    exit 1\nfi\n# This output is used by Xcode 'outputs' to avoid re-running this script phase.\necho \"SUCCESS\" > \"${SCRIPT_OUTPUT_FILE_0}\"\n";
			showEnvVarsInLog = 0;
		};
/* End PBXShellScriptBuildPhase section */

/* Begin PBXSourcesBuildPhase section */
		7D84B9D12ECF9733005C29AF /* Sources */ = {
			isa = PBXSourcesBuildPhase;
			buildActionMask = 2147483647;
			files = (
			);
			runOnlyForDeploymentPostprocessing = 0;
		};
		7D84B9E72ECF9736005C29AF /* Sources */ = {
			isa = PBXSourcesBuildPhase;
			buildActionMask = 2147483647;
			files = (
			);
			runOnlyForDeploymentPostprocessing = 0;
		};
		7D84B9F12ECF9736005C29AF /* Sources */ = {
			isa = PBXSourcesBuildPhase;
			buildActionMask = 2147483647;
			files = (
			);
			runOnlyForDeploymentPostprocessing = 0;
		};
/* End PBXSourcesBuildPhase section */

/* Begin PBXTargetDependency section */
		7D84B9ED2ECF9736005C29AF /* PBXTargetDependency */ = {
			isa = PBXTargetDependency;
			target = 7D84B9D42ECF9733005C29AF /* ios-app */;
			targetProxy = 7D84B9EC2ECF9736005C29AF /* PBXContainerItemProxy */;
		};
		7D84B9F72ECF9736005C29AF /* PBXTargetDependency */ = {
			isa = PBXTargetDependency;
			target = 7D84B9D42ECF9733005C29AF /* ios-app */;
			targetProxy = 7D84B9F62ECF9736005C29AF /* PBXContainerItemProxy */;
		};
/* End PBXTargetDependency section */

/* Begin XCBuildConfiguration section */
		7D84B9FF2ECF9736005C29AF /* Debug */ = {
			isa = XCBuildConfiguration;
			baseConfigurationReference = F6BD72F6082339074169118C /* Pods-ios-app.debug.xcconfig */;
			buildSettings = {
				ASSETCATALOG_COMPILER_APPICON_NAME = AppIcon;
				ASSETCATALOG_COMPILER_GLOBAL_ACCENT_COLOR_NAME = AccentColor;
				CODE_SIGN_STYLE = Automatic;
				CURRENT_PROJECT_VERSION = 1;
				DEVELOPMENT_TEAM = 6GAQP8YL44;
				GENERATE_INFOPLIST_FILE = YES;
				INFOPLIST_FILE = "ios-app/Info.plist";
				INFOPLIST_KEY_UIApplicationSupportsIndirectInputEvents = YES;
				INFOPLIST_KEY_UILaunchStoryboardName = LaunchScreen;
				INFOPLIST_KEY_UIMainStoryboardFile = Main;
				INFOPLIST_KEY_UISupportedInterfaceOrientations_iPad = "UIInterfaceOrientationPortrait UIInterfaceOrientationPortraitUpsideDown UIInterfaceOrientationLandscapeLeft UIInterfaceOrientationLandscapeRight";
				INFOPLIST_KEY_UISupportedInterfaceOrientations_iPhone = "UIInterfaceOrientationPortrait UIInterfaceOrientationLandscapeLeft UIInterfaceOrientationLandscapeRight";
				LD_RUNPATH_SEARCH_PATHS = (
					"$(inherited)",
					"@executable_path/Frameworks",
				);
				MARKETING_VERSION = 1.0;
				PRODUCT_BUNDLE_IDENTIFIER = "com.chhuon.ios-app";
				PRODUCT_NAME = "$(TARGET_NAME)";
				STRING_CATALOG_GENERATE_SYMBOLS = YES;
				SWIFT_APPROACHABLE_CONCURRENCY = YES;
				SWIFT_DEFAULT_ACTOR_ISOLATION = MainActor;
				SWIFT_EMIT_LOC_STRINGS = YES;
				SWIFT_UPCOMING_FEATURE_MEMBER_IMPORT_VISIBILITY = YES;
				SWIFT_VERSION = 5.0;
				TARGETED_DEVICE_FAMILY = "1,2";
			};
			name = Debug;
		};
		7D84BA002ECF9736005C29AF /* Release */ = {
			isa = XCBuildConfiguration;
			baseConfigurationReference = A199F5CF1D47B5DCA270B65B /* Pods-ios-app.release.xcconfig */;
			buildSettings = {
				ASSETCATALOG_COMPILER_APPICON_NAME = AppIcon;
				ASSETCATALOG_COMPILER_GLOBAL_ACCENT_COLOR_NAME = AccentColor;
				CODE_SIGN_STYLE = Automatic;
				CURRENT_PROJECT_VERSION = 1;
				DEVELOPMENT_TEAM = 6GAQP8YL44;
				GENERATE_INFOPLIST_FILE = YES;
				INFOPLIST_FILE = "ios-app/Info.plist";
				INFOPLIST_KEY_UIApplicationSupportsIndirectInputEvents = YES;
				INFOPLIST_KEY_UILaunchStoryboardName = LaunchScreen;
				INFOPLIST_KEY_UIMainStoryboardFile = Main;
				INFOPLIST_KEY_UISupportedInterfaceOrientations_iPad = "UIInterfaceOrientationPortrait UIInterfaceOrientationPortraitUpsideDown UIInterfaceOrientationLandscapeLeft UIInterfaceOrientationLandscapeRight";
				INFOPLIST_KEY_UISupportedInterfaceOrientations_iPhone = "UIInterfaceOrientationPortrait UIInterfaceOrientationLandscapeLeft UIInterfaceOrientationLandscapeRight";
				LD_RUNPATH_SEARCH_PATHS = (
					"$(inherited)",
					"@executable_path/Frameworks",
				);
				MARKETING_VERSION = 1.0;
				PRODUCT_BUNDLE_IDENTIFIER = "com.chhuon.ios-app";
				PRODUCT_NAME = "$(TARGET_NAME)";
				STRING_CATALOG_GENERATE_SYMBOLS = YES;
				SWIFT_APPROACHABLE_CONCURRENCY = YES;
				SWIFT_DEFAULT_ACTOR_ISOLATION = MainActor;
				SWIFT_EMIT_LOC_STRINGS = YES;
				SWIFT_UPCOMING_FEATURE_MEMBER_IMPORT_VISIBILITY = YES;
				SWIFT_VERSION = 5.0;
				TARGETED_DEVICE_FAMILY = "1,2";
			};
			name = Release;
		};
		7D84BA012ECF9736005C29AF /* Debug */ = {
			isa = XCBuildConfiguration;
			buildSettings = {
				ALWAYS_SEARCH_USER_PATHS = NO;
				ASSETCATALOG_COMPILER_GENERATE_SWIFT_ASSET_SYMBOL_EXTENSIONS = YES;
				CLANG_ANALYZER_NONNULL = YES;
				CLANG_ANALYZER_NUMBER_OBJECT_CONVERSION = YES_AGGRESSIVE;
				CLANG_CXX_LANGUAGE_STANDARD = "gnu++20";
				CLANG_ENABLE_MODULES = YES;
				CLANG_ENABLE_OBJC_ARC = YES;
				CLANG_ENABLE_OBJC_WEAK = YES;
				CLANG_WARN_BLOCK_CAPTURE_AUTORELEASING = YES;
				CLANG_WARN_BOOL_CONVERSION = YES;
				CLANG_WARN_COMMA = YES;
				CLANG_WARN_CONSTANT_CONVERSION = YES;
				CLANG_WARN_DEPRECATED_OBJC_IMPLEMENTATIONS = YES;
				CLANG_WARN_DIRECT_OBJC_ISA_USAGE = YES_ERROR;
				CLANG_WARN_DOCUMENTATION_COMMENTS = YES;
				CLANG_WARN_EMPTY_BODY = YES;
				CLANG_WARN_ENUM_CONVERSION = YES;
				CLANG_WARN_INFINITE_RECURSION = YES;
				CLANG_WARN_INT_CONVERSION = YES;
				CLANG_WARN_NON_LITERAL_NULL_CONVERSION = YES;
				CLANG_WARN_OBJC_IMPLICIT_RETAIN_SELF = YES;
				CLANG_WARN_OBJC_LITERAL_CONVERSION = YES;
				CLANG_WARN_OBJC_ROOT_CLASS = YES_ERROR;
				CLANG_WARN_QUOTED_INCLUDE_IN_FRAMEWORK_HEADER = YES;
				CLANG_WARN_RANGE_LOOP_ANALYSIS = YES;
				CLANG_WARN_STRICT_PROTOTYPES = YES;
				CLANG_WARN_SUSPICIOUS_MOVE = YES;
				CLANG_WARN_UNGUARDED_AVAILABILITY = YES_AGGRESSIVE;
				CLANG_WARN_UNREACHABLE_CODE = YES;
				CLANG_WARN__DUPLICATE_METHOD_MATCH = YES;
				COPY_PHASE_STRIP = NO;
				DEBUG_INFORMATION_FORMAT = dwarf;
				DEVELOPMENT_TEAM = 6GAQP8YL44;
				ENABLE_STRICT_OBJC_MSGSEND = YES;
				ENABLE_TESTABILITY = YES;
				ENABLE_USER_SCRIPT_SANDBOXING = YES;
				GCC_C_LANGUAGE_STANDARD = gnu17;
				GCC_DYNAMIC_NO_PIC = NO;
				GCC_NO_COMMON_BLOCKS = YES;
				GCC_OPTIMIZATION_LEVEL = 0;
				GCC_PREPROCESSOR_DEFINITIONS = (
					"DEBUG=1",
					"$(inherited)",
				);
				GCC_WARN_64_TO_32_BIT_CONVERSION = YES;
				GCC_WARN_ABOUT_RETURN_TYPE = YES_ERROR;
				GCC_WARN_UNDECLARED_SELECTOR = YES;
				GCC_WARN_UNINITIALIZED_AUTOS = YES_AGGRESSIVE;
				GCC_WARN_UNUSED_FUNCTION = YES;
				GCC_WARN_UNUSED_VARIABLE = YES;
				IPHONEOS_DEPLOYMENT_TARGET = 26.0;
				LOCALIZATION_PREFERS_STRING_CATALOGS = YES;
				MTL_ENABLE_DEBUG_INFO = INCLUDE_SOURCE;
				MTL_FAST_MATH = YES;
				ONLY_ACTIVE_ARCH = YES;
				SDKROOT = iphoneos;
				SWIFT_ACTIVE_COMPILATION_CONDITIONS = "DEBUG $(inherited)";
				SWIFT_OPTIMIZATION_LEVEL = "-Onone";
			};
			name = Debug;
		};
		7D84BA022ECF9736005C29AF /* Release */ = {
			isa = XCBuildConfiguration;
			buildSettings = {
				ALWAYS_SEARCH_USER_PATHS = NO;
				ASSETCATALOG_COMPILER_GENERATE_SWIFT_ASSET_SYMBOL_EXTENSIONS = YES;
				CLANG_ANALYZER_NONNULL = YES;
				CLANG_ANALYZER_NUMBER_OBJECT_CONVERSION = YES_AGGRESSIVE;
				CLANG_CXX_LANGUAGE_STANDARD = "gnu++20";
				CLANG_ENABLE_MODULES = YES;
				CLANG_ENABLE_OBJC_ARC = YES;
				CLANG_ENABLE_OBJC_WEAK = YES;
				CLANG_WARN_BLOCK_CAPTURE_AUTORELEASING = YES;
				CLANG_WARN_BOOL_CONVERSION = YES;
				CLANG_WARN_COMMA = YES;
				CLANG_WARN_CONSTANT_CONVERSION = YES;
				CLANG_WARN_DEPRECATED_OBJC_IMPLEMENTATIONS = YES;
				CLANG_WARN_DIRECT_OBJC_ISA_USAGE = YES_ERROR;
				CLANG_WARN_DOCUMENTATION_COMMENTS = YES;
				CLANG_WARN_EMPTY_BODY = YES;
				CLANG_WARN_ENUM_CONVERSION = YES;
				CLANG_WARN_INFINITE_RECURSION = YES;
				CLANG_WARN_INT_CONVERSION = YES;
				CLANG_WARN_NON_LITERAL_NULL_CONVERSION = YES;
				CLANG_WARN_OBJC_IMPLICIT_RETAIN_SELF = YES;
				CLANG_WARN_OBJC_LITERAL_CONVERSION = YES;
				CLANG_WARN_OBJC_ROOT_CLASS = YES_ERROR;
				CLANG_WARN_QUOTED_INCLUDE_IN_FRAMEWORK_HEADER = YES;
				CLANG_WARN_RANGE_LOOP_ANALYSIS = YES;
				CLANG_WARN_STRICT_PROTOTYPES = YES;
				CLANG_WARN_SUSPICIOUS_MOVE = YES;
				CLANG_WARN_UNGUARDED_AVAILABILITY = YES_AGGRESSIVE;
				CLANG_WARN_UNREACHABLE_CODE = YES;
				CLANG_WARN__DUPLICATE_METHOD_MATCH = YES;
				COPY_PHASE_STRIP = NO;
				DEBUG_INFORMATION_FORMAT = "dwarf-with-dsym";
				DEVELOPMENT_TEAM = 6GAQP8YL44;
				ENABLE_NS_ASSERTIONS = NO;
				ENABLE_STRICT_OBJC_MSGSEND = YES;
				ENABLE_USER_SCRIPT_SANDBOXING = YES;
				GCC_C_LANGUAGE_STANDARD = gnu17;
				GCC_NO_COMMON_BLOCKS = YES;
				GCC_WARN_64_TO_32_BIT_CONVERSION = YES;
				GCC_WARN_ABOUT_RETURN_TYPE = YES_ERROR;
				GCC_WARN_UNDECLARED_SELECTOR = YES;
				GCC_WARN_UNINITIALIZED_AUTOS = YES_AGGRESSIVE;
				GCC_WARN_UNUSED_FUNCTION = YES;
				GCC_WARN_UNUSED_VARIABLE = YES;
				IPHONEOS_DEPLOYMENT_TARGET = 26.0;
				LOCALIZATION_PREFERS_STRING_CATALOGS = YES;
				MTL_ENABLE_DEBUG_INFO = NO;
				MTL_FAST_MATH = YES;
				SDKROOT = iphoneos;
				SWIFT_COMPILATION_MODE = wholemodule;
				VALIDATE_PRODUCT = YES;
			};
			name = Release;
		};
		7D84BA042ECF9736005C29AF /* Debug */ = {
			isa = XCBuildConfiguration;
			baseConfigurationReference = F58B212BC3837CDA707A027C /* Pods-ios-appTests.debug.xcconfig */;
			buildSettings = {
				BUNDLE_LOADER = "$(TEST_HOST)";
				CODE_SIGN_STYLE = Automatic;
				CURRENT_PROJECT_VERSION = 1;
				DEVELOPMENT_TEAM = 6GAQP8YL44;
				GENERATE_INFOPLIST_FILE = YES;
				IPHONEOS_DEPLOYMENT_TARGET = 26.0;
				MARKETING_VERSION = 1.0;
				PRODUCT_BUNDLE_IDENTIFIER = "com.chhuon.ios-appTests";
				PRODUCT_NAME = "$(TARGET_NAME)";
				STRING_CATALOG_GENERATE_SYMBOLS = NO;
				SWIFT_APPROACHABLE_CONCURRENCY = YES;
				SWIFT_EMIT_LOC_STRINGS = NO;
				SWIFT_UPCOMING_FEATURE_MEMBER_IMPORT_VISIBILITY = YES;
				SWIFT_VERSION = 5.0;
				TARGETED_DEVICE_FAMILY = "1,2";
				TEST_HOST = "$(BUILT_PRODUCTS_DIR)/ios-app.app/$(BUNDLE_EXECUTABLE_FOLDER_PATH)/ios-app";
			};
			name = Debug;
		};
		7D84BA052ECF9736005C29AF /* Release */ = {
			isa = XCBuildConfiguration;
			baseConfigurationReference = 6E68669303996F7794635749 /* Pods-ios-appTests.release.xcconfig */;
			buildSettings = {
				BUNDLE_LOADER = "$(TEST_HOST)";
				CODE_SIGN_STYLE = Automatic;
				CURRENT_PROJECT_VERSION = 1;
				DEVELOPMENT_TEAM = 6GAQP8YL44;
				GENERATE_INFOPLIST_FILE = YES;
				IPHONEOS_DEPLOYMENT_TARGET = 26.0;
				MARKETING_VERSION = 1.0;
				PRODUCT_BUNDLE_IDENTIFIER = "com.chhuon.ios-appTests";
				PRODUCT_NAME = "$(TARGET_NAME)";
				STRING_CATALOG_GENERATE_SYMBOLS = NO;
				SWIFT_APPROACHABLE_CONCURRENCY = YES;
				SWIFT_EMIT_LOC_STRINGS = NO;
				SWIFT_UPCOMING_FEATURE_MEMBER_IMPORT_VISIBILITY = YES;
				SWIFT_VERSION = 5.0;
				TARGETED_DEVICE_FAMILY = "1,2";
				TEST_HOST = "$(BUILT_PRODUCTS_DIR)/ios-app.app/$(BUNDLE_EXECUTABLE_FOLDER_PATH)/ios-app";
			};
			name = Release;
		};
		7D84BA072ECF9736005C29AF /* Debug */ = {
			isa = XCBuildConfiguration;
			baseConfigurationReference = FC9FDD5FC1460F498C582743 /* Pods-ios-app-ios-appUITests.debug.xcconfig */;
			buildSettings = {
				CODE_SIGN_STYLE = Automatic;
				CURRENT_PROJECT_VERSION = 1;
				DEVELOPMENT_TEAM = 6GAQP8YL44;
				GENERATE_INFOPLIST_FILE = YES;
				MARKETING_VERSION = 1.0;
				PRODUCT_BUNDLE_IDENTIFIER = "com.chhuon.ios-appUITests";
				PRODUCT_NAME = "$(TARGET_NAME)";
				STRING_CATALOG_GENERATE_SYMBOLS = NO;
				SWIFT_APPROACHABLE_CONCURRENCY = YES;
				SWIFT_EMIT_LOC_STRINGS = NO;
				SWIFT_UPCOMING_FEATURE_MEMBER_IMPORT_VISIBILITY = YES;
				SWIFT_VERSION = 5.0;
				TARGETED_DEVICE_FAMILY = "1,2";
				TEST_TARGET_NAME = "ios-app";
			};
			name = Debug;
		};
		7D84BA082ECF9736005C29AF /* Release */ = {
			isa = XCBuildConfiguration;
			baseConfigurationReference = 61752F4BA68DF1351AF90969 /* Pods-ios-app-ios-appUITests.release.xcconfig */;
			buildSettings = {
				CODE_SIGN_STYLE = Automatic;
				CURRENT_PROJECT_VERSION = 1;
				DEVELOPMENT_TEAM = 6GAQP8YL44;
				GENERATE_INFOPLIST_FILE = YES;
				MARKETING_VERSION = 1.0;
				PRODUCT_BUNDLE_IDENTIFIER = "com.chhuon.ios-appUITests";
				PRODUCT_NAME = "$(TARGET_NAME)";
				STRING_CATALOG_GENERATE_SYMBOLS = NO;
				SWIFT_APPROACHABLE_CONCURRENCY = YES;
				SWIFT_EMIT_LOC_STRINGS = NO;
				SWIFT_UPCOMING_FEATURE_MEMBER_IMPORT_VISIBILITY = YES;
				SWIFT_VERSION = 5.0;
				TARGETED_DEVICE_FAMILY = "1,2";
				TEST_TARGET_NAME = "ios-app";
			};
			name = Release;
		};
/* End XCBuildConfiguration section */

/* Begin XCConfigurationList section */
		7D84B9D02ECF9733005C29AF /* Build configuration list for PBXProject "ios-app" */ = {
			isa = XCConfigurationList;
			buildConfigurations = (
				7D84BA012ECF9736005C29AF /* Debug */,
				7D84BA022ECF9736005C29AF /* Release */,
			);
			defaultConfigurationIsVisible = 0;
			defaultConfigurationName = Release;
		};
		7D84B9FE2ECF9736005C29AF /* Build configuration list for PBXNativeTarget "ios-app" */ = {
			isa = XCConfigurationList;
			buildConfigurations = (
				7D84B9FF2ECF9736005C29AF /* Debug */,
				7D84BA002ECF9736005C29AF /* Release */,
			);
			defaultConfigurationIsVisible = 0;
			defaultConfigurationName = Release;
		};
		7D84BA032ECF9736005C29AF /* Build configuration list for PBXNativeTarget "ios-appTests" */ = {
			isa = XCConfigurationList;
			buildConfigurations = (
				7D84BA042ECF9736005C29AF /* Debug */,
				7D84BA052ECF9736005C29AF /* Release */,
			);
			defaultConfigurationIsVisible = 0;
			defaultConfigurationName = Release;
		};
		7D84BA062ECF9736005C29AF /* Build configuration list for PBXNativeTarget "ios-appUITests" */ = {
			isa = XCConfigurationList;
			buildConfigurations = (
				7D84BA072ECF9736005C29AF /* Debug */,
				7D84BA082ECF9736005C29AF /* Release */,
			);
			defaultConfigurationIsVisible = 0;
			defaultConfigurationName = Release;
		};
/* End XCConfigurationList section */
	};
	rootObject = 7D84B9CD2ECF9733005C29AF /* Project object */;
}
